{
  "originHash" : "b876748aff415acce8341eb8d3bd7a72c6b9624e5177646bd911dfc14be324a5",
  "pins" : [
    {
      "identity" : "rxbluetoothkit",
      "kind" : "remoteSourceControl",
      "location" : "https://github.com/jackmayxs/RxBluetoothKit",
      "state" : {
        "revision" : "b0dc3791bbba70e78e02e0ba30748034a8f3fc8d",
        "version" : "6.0.1"
      }
    },
    {
      "identity" : "rxswift",
      "kind" : "remoteSourceControl",
      "location" : "https://github.com/ReactiveX/RxSwift.git",
      "state" : {
        "revision" : "c7c7d2cf50a3211fe2843f76869c698e4e417930",
        "version" : "6.8.0"
      }
    }
  ],
  "version" : 3
}
